
Microsoft Visual Studio Solution File, Format Version 12.00
# Visual Studio Version 17
VisualStudioVersion = 17.8.34330.188
MinimumVisualStudioVersion = 10.0.40219.1
Project("{FAE04EC0-301F-11D3-BF4B-00C04F79EFBC}") = "ReactApp1.Server", "ReactApp1.Server\ReactApp1.Server.csproj", "{1264D9A9-BC79-46C9-9429-2E4EEBBE2FC8}"
EndProject
Project("{54A90642-561A-4BB1-A94E-469ADEE60C69}") = "reactapp1.client", "reactapp1.client\reactapp1.client.esproj", "{A8A10154-2DA1-47F2-96F9-FAC0E319E773}"
EndProject
Global
	GlobalSection(SolutionConfigurationPlatforms) = preSolution
		Debug|Any CPU = Debug|Any CPU
		Release|Any CPU = Release|Any CPU
	EndGlobalSection
	GlobalSection(ProjectConfigurationPlatforms) = postSolution
		{1264D9A9-BC79-46C9-9429-2E4EEBBE2FC8}.Debug|Any CPU.ActiveCfg = Debug|Any CPU
		{1264D9A9-BC79-46C9-9429-2E4EEBBE2FC8}.Debug|Any CPU.Build.0 = Debug|Any CPU
		{1264D9A9-BC79-46C9-9429-2E4EEBBE2FC8}.Release|Any CPU.ActiveCfg = Release|Any CPU
		{1264D9A9-BC79-46C9-9429-2E4EEBBE2FC8}.Release|Any CPU.Build.0 = Release|Any CPU
		{A8A10154-2DA1-47F2-96F9-FAC0E319E773}.Debug|Any CPU.ActiveCfg = Debug|Any CPU
		{A8A10154-2DA1-47F2-96F9-FAC0E319E773}.Debug|Any CPU.Build.0 = Debug|Any CPU
		{A8A10154-2DA1-47F2-96F9-FAC0E319E773}.Debug|Any CPU.Deploy.0 = Debug|Any CPU
		{A8A10154-2DA1-47F2-96F9-FAC0E319E773}.Release|Any CPU.ActiveCfg = Release|Any CPU
		{A8A10154-2DA1-47F2-96F9-FAC0E319E773}.Release|Any CPU.Build.0 = Release|Any CPU
		{A8A10154-2DA1-47F2-96F9-FAC0E319E773}.Release|Any CPU.Deploy.0 = Release|Any CPU
	EndGlobalSection
	GlobalSection(SolutionProperties) = preSolution
		HideSolutionNode = FALSE
	EndGlobalSection
	GlobalSection(ExtensibilityGlobals) = postSolution
		SolutionGuid = {7C150D8E-EEF8-4014-8775-0DC8F89F850A}
	EndGlobalSection
EndGlobal
