
Microsoft Visual Studio Solution File, Format Version 12.00
# Visual Studio Version 17
VisualStudioVersion = 17.8.34330.188
MinimumVisualStudioVersion = 10.0.40219.1
Project("{FAE04EC0-301F-11D3-BF4B-00C04F79EFBC}") = "ExtensionLinqDemo", "ExtensionLinqDemo\ExtensionLinqDemo.csproj", "{8B905D49-5688-4E7F-8875-A64340DCC4B7}"
EndProject
Global
	GlobalSection(SolutionConfigurationPlatforms) = preSolution
		Debug|Any CPU = Debug|Any CPU
		Release|Any CPU = Release|Any CPU
	EndGlobalSection
	GlobalSection(ProjectConfigurationPlatforms) = postSolution
		{8B905D49-5688-4E7F-8875-A64340DCC4B7}.Debug|Any CPU.ActiveCfg = Debug|Any CPU
		{8B905D49-5688-4E7F-8875-A64340DCC4B7}.Debug|Any CPU.Build.0 = Debug|Any CPU
		{8B905D49-5688-4E7F-8875-A64340DCC4B7}.Release|Any CPU.ActiveCfg = Release|Any CPU
		{8B905D49-5688-4E7F-8875-A64340DCC4B7}.Release|Any CPU.Build.0 = Release|Any CPU
	EndGlobalSection
	GlobalSection(SolutionProperties) = preSolution
		HideSolutionNode = FALSE
	EndGlobalSection
	GlobalSection(ExtensibilityGlobals) = postSolution
		SolutionGuid = {67839F3A-3391-43E1-A093-AD7D0B435A35}
	EndGlobalSection
EndGlobal
